
Microsoft Visual Studio Solution File, Format Version 12.00
# Visual Studio Version 17
VisualStudioVersion = 17.12.35707.178 d17.12
MinimumVisualStudioVersion = 10.0.40219.1
Project("{FAE04EC0-301F-11D3-BF4B-00C04F79EFBC}") = "TelegramRAT", "TelegramRAT.csproj", "{5ECF025F-E486-47FE-97AA-9FA0A25C5690}"
EndProject
Project("{FAE04EC0-301F-11D3-BF4B-00C04F79EFBC}") = "TelegramRAT.Tests", "TelegramRAT.Tests/TelegramRAT.Tests.csproj", "{FF5B2B1B-E2CB-45C0-95E9-7D071934F58A}"
EndProject
Global
	GlobalSection(SolutionConfigurationPlatforms) = preSolution
		Debug|Any CPU = Debug|Any CPU
		Release|Any CPU = Release|Any CPU
	EndGlobalSection
        GlobalSection(ProjectConfigurationPlatforms) = postSolution
                {5ECF025F-E486-47FE-97AA-9FA0A25C5690}.Debug|Any CPU.ActiveCfg = Debug|Any CPU
                {5ECF025F-E486-47FE-97AA-9FA0A25C5690}.Debug|Any CPU.Build.0 = Debug|Any CPU
                {5ECF025F-E486-47FE-97AA-9FA0A25C5690}.Release|Any CPU.ActiveCfg = Release|Any CPU
                {5ECF025F-E486-47FE-97AA-9FA0A25C5690}.Release|Any CPU.Build.0 = Release|Any CPU
                {FF5B2B1B-E2CB-45C0-95E9-7D071934F58A}.Debug|Any CPU.ActiveCfg = Debug|Any CPU
                {FF5B2B1B-E2CB-45C0-95E9-7D071934F58A}.Debug|Any CPU.Build.0 = Debug|Any CPU
                {FF5B2B1B-E2CB-45C0-95E9-7D071934F58A}.Release|Any CPU.ActiveCfg = Release|Any CPU
                {FF5B2B1B-E2CB-45C0-95E9-7D071934F58A}.Release|Any CPU.Build.0 = Release|Any CPU
        EndGlobalSection
	GlobalSection(SolutionProperties) = preSolution
		HideSolutionNode = FALSE
	EndGlobalSection
EndGlobal
